
Microsoft Visual Studio Solution File, Format Version 12.00
# Visual Studio Version 17
VisualStudioVersion = 17.8.34322.80
MinimumVisualStudioVersion = 10.0.40219.1
Project("{FAE04EC0-301F-11D3-BF4B-00C04F79EFBC}") = "Morse", "Morse\Morse.csproj", "{78D545F7-057B-442B-8B89-A6E19CE45523}"
EndProject
Global
	GlobalSection(SolutionConfigurationPlatforms) = preSolution
		Debug|Any CPU = Debug|Any CPU
		Release|Any CPU = Release|Any CPU
	EndGlobalSection
	GlobalSection(ProjectConfigurationPlatforms) = postSolution
		{78D545F7-057B-442B-8B89-A6E19CE45523}.Debug|Any CPU.ActiveCfg = Debug|Any CPU
		{78D545F7-057B-442B-8B89-A6E19CE45523}.Debug|Any CPU.Build.0 = Debug|Any CPU
		{78D545F7-057B-442B-8B89-A6E19CE45523}.Release|Any CPU.ActiveCfg = Release|Any CPU
		{78D545F7-057B-442B-8B89-A6E19CE45523}.Release|Any CPU.Build.0 = Release|Any CPU
	EndGlobalSection
	GlobalSection(SolutionProperties) = preSolution
		HideSolutionNode = FALSE
	EndGlobalSection
	GlobalSection(ExtensibilityGlobals) = postSolution
		SolutionGuid = {A8363A41-D464-4FBD-B528-CF556E9F7FFB}
	EndGlobalSection
EndGlobal
